// !$*UTF8*$!
{
	archiveVersion = 1;
	classes = {
	};
	objectVersion = 50;
	objects = {

/* Begin PBXBuildFile section */
		4BDC434720C1A147001C9241 /* AppDelegate.swift in Sources */ = {isa = PBXBuildFile; fileRef = 4BDC434620C1A147001C9241 /* AppDelegate.swift */; };
		4BDC434C20C1A147001C9241 /* Main.storyboard in Resources */ = {isa = PBXBuildFile; fileRef = 4BDC434A20C1A147001C9241 /* Main.storyboard */; };
		4BDC434E20C1A148001C9241 /* Assets.xcassets in Resources */ = {isa = PBXBuildFile; fileRef = 4BDC434D20C1A148001C9241 /* Assets.xcassets */; };
		4BDC435120C1A148001C9241 /* LaunchScreen.storyboard in Resources */ = {isa = PBXBuildFile; fileRef = 4BDC434F20C1A148001C9241 /* LaunchScreen.storyboard */; };
		4BDC435C20C1A148001C9241 /* MyMobilesTests.swift in Sources */ = {isa = PBXBuildFile; fileRef = 4BDC435B20C1A148001C9241 /* MyMobilesTests.swift */; };
		4BDC436720C1A148001C9241 /* MyMobilesUITests.swift in Sources */ = {isa = PBXBuildFile; fileRef = 4BDC436620C1A148001C9241 /* MyMobilesUITests.swift */; };
		4BDC437620C1A37F001C9241 /* AddMobileViewController.swift in Sources */ = {isa = PBXBuildFile; fileRef = 4BDC437520C1A37F001C9241 /* AddMobileViewController.swift */; };
		4BDC437820C1A390001C9241 /* MobileListViewController.swift in Sources */ = {isa = PBXBuildFile; fileRef = 4BDC437720C1A390001C9241 /* MobileListViewController.swift */; };
/* End PBXBuildFile section */

/* Begin PBXContainerItemProxy section */
		4BDC435820C1A148001C9241 /* PBXContainerItemProxy */ = {
			isa = PBXContainerItemProxy;
			containerPortal = 4BDC433B20C1A147001C9241 /* Project object */;
			proxyType = 1;
			remoteGlobalIDString = 4BDC434220C1A147001C9241;
			remoteInfo = MyMobiles;
		};
		4BDC436320C1A148001C9241 /* PBXContainerItemProxy */ = {
			isa = PBXContainerItemProxy;
			containerPortal = 4BDC433B20C1A147001C9241 /* Project object */;
			proxyType = 1;
			remoteGlobalIDString = 4BDC434220C1A147001C9241;
			remoteInfo = MyMobiles;
		};
/* End PBXContainerItemProxy section */

/* Begin PBXFileReference section */
		4BDC434320C1A147001C9241 /* MyMobiles.app */ = {isa = PBXFileReference; explicitFileType = wrapper.application; includeInIndex = 0; path = MyMobiles.app; sourceTree = BUILT_PRODUCTS_DIR; };
		4BDC434620C1A147001C9241 /* AppDelegate.swift */ = {isa = PBXFileReference; lastKnownFileType = sourcecode.swift; path = AppDelegate.swift; sourceTree = "<group>"; };
		4BDC434B20C1A147001C9241 /* Base */ = {isa = PBXFileReference; lastKnownFileType = file.storyboard; name = Base; path = Base.lproj/Main.storyboard; sourceTree = "<group>"; };
		4BDC434D20C1A148001C9241 /* Assets.xcassets */ = {isa = PBXFileReference; lastKnownFileType = folder.assetcatalog; path = Assets.xcassets; sourceTree = "<group>"; };
		4BDC435020C1A148001C9241 /* Base */ = {isa = PBXFileReference; lastKnownFileType = file.storyboard; name = Base; path = Base.lproj/LaunchScreen.storyboard; sourceTree = "<group>"; };
		4BDC435220C1A148001C9241 /* Info.plist */ = {isa = PBXFileReference; lastKnownFileType = text.plist.xml; path = Info.plist; sourceTree = "<group>"; };
		4BDC435720C1A148001C9241 /* MyMobilesTests.xctest */ = {isa = PBXFileReference; explicitFileType = wrapper.cfbundle; includeInIndex = 0; path = MyMobilesTests.xctest; sourceTree = BUILT_PRODUCTS_DIR; };
		4BDC435B20C1A148001C9241 /* MyMobilesTests.swift */ = {isa = PBXFileReference; lastKnownFileType = sourcecode.swift; path = MyMobilesTests.swift; sourceTree = "<group>"; };
		4BDC435D20C1A148001C9241 /* Info.plist */ = {isa = PBXFileReference; lastKnownFileType = text.plist.xml; path = Info.plist; sourceTree = "<group>"; };
		4BDC436220C1A148001C9241 /* MyMobilesUITests.xctest */ = {isa = PBXFileReference; explicitFileType = wrapper.cfbundle; includeInIndex = 0; path = MyMobilesUITests.xctest; sourceTree = BUILT_PRODUCTS_DIR; };
		4BDC436620C1A148001C9241 /* MyMobilesUITests.swift */ = {isa = PBXFileReference; lastKnownFileType = sourcecode.swift; path = MyMobilesUITests.swift; sourceTree = "<group>"; };
		4BDC436820C1A148001C9241 /* Info.plist */ = {isa = PBXFileReference; lastKnownFileType = text.plist.xml; path = Info.plist; sourceTree = "<group>"; };
		4BDC437520C1A37F001C9241 /* AddMobileViewController.swift */ = {isa = PBXFileReference; lastKnownFileType = sourcecode.swift; path = AddMobileViewController.swift; sourceTree = "<group>"; };
		4BDC437720C1A390001C9241 /* MobileListViewController.swift */ = {isa = PBXFileReference; lastKnownFileType = sourcecode.swift; path = MobileListViewController.swift; sourceTree = "<group>"; };
/* End PBXFileReference section */

/* Begin PBXFrameworksBuildPhase section */
		4BDC434020C1A147001C9241 /* Frameworks */ = {
			isa = PBXFrameworksBuildPhase;
			buildActionMask = 2147483647;
			files = (
			);
			runOnlyForDeploymentPostprocessing = 0;
		};
		4BDC435420C1A148001C9241 /* Frameworks */ = {
			isa = PBXFrameworksBuildPhase;
			buildActionMask = 2147483647;
			files = (
			);
			runOnlyForDeploymentPostprocessing = 0;
		};
		4BDC435F20C1A148001C9241 /* Frameworks */ = {
			isa = PBXFrameworksBuildPhase;
			buildActionMask = 2147483647;
			files = (
			);
			runOnlyForDeploymentPostprocessing = 0;
		};
/* End PBXFrameworksBuildPhase section */

/* Begin PBXGroup section */
		4BDC433A20C1A147001C9241 = {
			isa = PBXGroup;
			children = (
				4BDC434520C1A147001C9241 /* MyMobiles */,
				4BDC435A20C1A148001C9241 /* MyMobilesTests */,
				4BDC436520C1A148001C9241 /* MyMobilesUITests */,
				4BDC434420C1A147001C9241 /* Products */,
			);
			sourceTree = "<group>";
		};
		4BDC434420C1A147001C9241 /* Products */ = {
			isa = PBXGroup;
			children = (
				4BDC434320C1A147001C9241 /* MyMobiles.app */,
				4BDC435720C1A148001C9241 /* MyMobilesTests.xctest */,
				4BDC436220C1A148001C9241 /* MyMobilesUITests.xctest */,
			);
			name = Products;
			sourceTree = "<group>";
		};
		4BDC434520C1A147001C9241 /* MyMobiles */ = {
			isa = PBXGroup;
			children = (
				4BDC434620C1A147001C9241 /* AppDelegate.swift */,
				4BDC434A20C1A147001C9241 /* Main.storyboard */,
				4BDC437520C1A37F001C9241 /* AddMobileViewController.swift */,
				4BDC437720C1A390001C9241 /* MobileListViewController.swift */,
				4BDC437420C1A178001C9241 /* External */,
			);
			path = MyMobiles;
			sourceTree = "<group>";
		};
		4BDC435A20C1A148001C9241 /* MyMobilesTests */ = {
			isa = PBXGroup;
			children = (
				4BDC435B20C1A148001C9241 /* MyMobilesTests.swift */,
				4BDC435D20C1A148001C9241 /* Info.plist */,
			);
			path = MyMobilesTests;
			sourceTree = "<group>";
		};
		4BDC436520C1A148001C9241 /* MyMobilesUITests */ = {
			isa = PBXGroup;
			children = (
				4BDC436620C1A148001C9241 /* MyMobilesUITests.swift */,
				4BDC436820C1A148001C9241 /* Info.plist */,
			);
			path = MyMobilesUITests;
			sourceTree = "<group>";
		};
		4BDC437420C1A178001C9241 /* External */ = {
			isa = PBXGroup;
			children = (
				4BDC434D20C1A148001C9241 /* Assets.xcassets */,
				4BDC434F20C1A148001C9241 /* LaunchScreen.storyboard */,
				4BDC435220C1A148001C9241 /* Info.plist */,
			);
			path = External;
			sourceTree = "<group>";
		};
/* End PBXGroup section */

/* Begin PBXNativeTarget section */
		4BDC434220C1A147001C9241 /* MyMobiles */ = {
			isa = PBXNativeTarget;
			buildConfigurationList = 4BDC436B20C1A148001C9241 /* Build configuration list for PBXNativeTarget "MyMobiles" */;
			buildPhases = (
				4BDC433F20C1A147001C9241 /* Sources */,
				4BDC434020C1A147001C9241 /* Frameworks */,
				4BDC434120C1A147001C9241 /* Resources */,
			);
			buildRules = (
			);
			dependencies = (
			);
			name = MyMobiles;
			productName = MyMobiles;
			productReference = 4BDC434320C1A147001C9241 /* MyMobiles.app */;
			productType = "com.apple.product-type.application";
		};
		4BDC435620C1A148001C9241 /* MyMobilesTests */ = {
			isa = PBXNativeTarget;
			buildConfigurationList = 4BDC436E20C1A148001C9241 /* Build configuration list for PBXNativeTarget "MyMobilesTests" */;
			buildPhases = (
				4BDC435320C1A148001C9241 /* Sources */,
				4BDC435420C1A148001C9241 /* Frameworks */,
				4BDC435520C1A148001C9241 /* Resources */,
			);
			buildRules = (
			);
			dependencies = (
				4BDC435920C1A148001C9241 /* PBXTargetDependency */,
			);
			name = MyMobilesTests;
			productName = MyMobilesTests;
			productReference = 4BDC435720C1A148001C9241 /* MyMobilesTests.xctest */;
			productType = "com.apple.product-type.bundle.unit-test";
		};
		4BDC436120C1A148001C9241 /* MyMobilesUITests */ = {
			isa = PBXNativeTarget;
			buildConfigurationList = 4BDC437120C1A148001C9241 /* Build configuration list for PBXNativeTarget "MyMobilesUITests" */;
			buildPhases = (
				4BDC435E20C1A148001C9241 /* Sources */,
				4BDC435F20C1A148001C9241 /* Frameworks */,
				4BDC436020C1A148001C9241 /* Resources */,
			);
			buildRules = (
			);
			dependencies = (
				4BDC436420C1A148001C9241 /* PBXTargetDependency */,
			);
			name = MyMobilesUITests;
			productName = MyMobilesUITests;
			productReference = 4BDC436220C1A148001C9241 /* MyMobilesUITests.xctest */;
			productType = "com.apple.product-type.bundle.ui-testing";
		};
/* End PBXNativeTarget section */

/* Begin PBXProject section */
		4BDC433B20C1A147001C9241 /* Project object */ = {
			isa = PBXProject;
			attributes = {
				LastSwiftUpdateCheck = 0930;
				LastUpgradeCheck = 0930;
				ORGANIZATIONNAME = "Kashif Rizvi";
				TargetAttributes = {
					4BDC434220C1A147001C9241 = {
						CreatedOnToolsVersion = 9.3;
					};
					4BDC435620C1A148001C9241 = {
						CreatedOnToolsVersion = 9.3;
						TestTargetID = 4BDC434220C1A147001C9241;
					};
					4BDC436120C1A148001C9241 = {
						CreatedOnToolsVersion = 9.3;
						TestTargetID = 4BDC434220C1A147001C9241;
					};
				};
			};
			buildConfigurationList = 4BDC433E20C1A147001C9241 /* Build configuration list for PBXProject "MyMobiles" */;
			compatibilityVersion = "Xcode 9.3";
			developmentRegion = en;
			hasScannedForEncodings = 0;
			knownRegions = (
				en,
				Base,
			);
			mainGroup = 4BDC433A20C1A147001C9241;
			productRefGroup = 4BDC434420C1A147001C9241 /* Products */;
			projectDirPath = "";
			projectRoot = "";
			targets = (
				4BDC434220C1A147001C9241 /* MyMobiles */,
				4BDC435620C1A148001C9241 /* MyMobilesTests */,
				4BDC436120C1A148001C9241 /* MyMobilesUITests */,
			);
		};
/* End PBXProject section */

/* Begin PBXResourcesBuildPhase section */
		4BDC434120C1A147001C9241 /* Resources */ = {
			isa = PBXResourcesBuildPhase;
			buildActionMask = 2147483647;
			files = (
				4BDC435120C1A148001C9241 /* LaunchScreen.storyboard in Resources */,
				4BDC434E20C1A148001C9241 /* Assets.xcassets in Resources */,
				4BDC434C20C1A147001C9241 /* Main.storyboard in Resources */,
			);
			runOnlyForDeploymentPostprocessing = 0;
		};
		4BDC435520C1A148001C9241 /* Resources */ = {
			isa = PBXResourcesBuildPhase;
			buildActionMask = 2147483647;
			files = (
			);
			runOnlyForDeploymentPostprocessing = 0;
		};
		4BDC436020C1A148001C9241 /* Resources */ = {
			isa = PBXResourcesBuildPhase;
			buildActionMask = 2147483647;
			files = (
			);
			runOnlyForDeploymentPostprocessing = 0;
		};
/* End PBXResourcesBuildPhase section */

/* Begin PBXSourcesBuildPhase section */
		4BDC433F20C1A147001C9241 /* Sources */ = {
			isa = PBXSourcesBuildPhase;
			buildActionMask = 2147483647;
			files = (
				4BDC437620C1A37F001C9241 /* AddMobileViewController.swift in Sources */,
				4BDC434720C1A147001C9241 /* AppDelegate.swift in Sources */,
				4BDC437820C1A390001C9241 /* MobileListViewController.swift in Sources */,
			);
			runOnlyForDeploymentPostprocessing = 0;
		};
		4BDC435320C1A148001C9241 /* Sources */ = {
			isa = PBXSourcesBuildPhase;
			buildActionMask = 2147483647;
			files = (
				4BDC435C20C1A148001C9241 /* MyMobilesTests.swift in Sources */,
			);
			runOnlyForDeploymentPostprocessing = 0;
		};
		4BDC435E20C1A148001C9241 /* Sources */ = {
			isa = PBXSourcesBuildPhase;
			buildActionMask = 2147483647;
			files = (
				4BDC436720C1A148001C9241 /* MyMobilesUITests.swift in Sources */,
			);
			runOnlyForDeploymentPostprocessing = 0;
		};
/* End PBXSourcesBuildPhase section */

/* Begin PBXTargetDependency section */
		4BDC435920C1A148001C9241 /* PBXTargetDependency */ = {
			isa = PBXTargetDependency;
			target = 4BDC434220C1A147001C9241 /* MyMobiles */;
			targetProxy = 4BDC435820C1A148001C9241 /* PBXContainerItemProxy */;
		};
		4BDC436420C1A148001C9241 /* PBXTargetDependency */ = {
			isa = PBXTargetDependency;
			target = 4BDC434220C1A147001C9241 /* MyMobiles */;
			targetProxy = 4BDC436320C1A148001C9241 /* PBXContainerItemProxy */;
		};
/* End PBXTargetDependency section */

/* Begin PBXVariantGroup section */
		4BDC434A20C1A147001C9241 /* Main.storyboard */ = {
			isa = PBXVariantGroup;
			children = (
				4BDC434B20C1A147001C9241 /* Base */,
			);
			name = Main.storyboard;
			sourceTree = "<group>";
		};
		4BDC434F20C1A148001C9241 /* LaunchScreen.storyboard */ = {
			isa = PBXVariantGroup;
			children = (
				4BDC435020C1A148001C9241 /* Base */,
			);
			name = LaunchScreen.storyboard;
			sourceTree = "<group>";
		};
/* End PBXVariantGroup section */

/* Begin XCBuildConfiguration section */
		4BDC436920C1A148001C9241 /* Debug */ = {
			isa = XCBuildConfiguration;
			buildSettings = {
				ALWAYS_SEARCH_USER_PATHS = NO;
				CLANG_ANALYZER_NONNULL = YES;
				CLANG_ANALYZER_NUMBER_OBJECT_CONVERSION = YES_AGGRESSIVE;
				CLANG_CXX_LANGUAGE_STANDARD = "gnu++14";
				CLANG_CXX_LIBRARY = "libc++";
				CLANG_ENABLE_MODULES = YES;
				CLANG_ENABLE_OBJC_ARC = YES;
				CLANG_ENABLE_OBJC_WEAK = YES;
				CLANG_WARN_BLOCK_CAPTURE_AUTORELEASING = YES;
				CLANG_WARN_BOOL_CONVERSION = YES;
				CLANG_WARN_COMMA = YES;
				CLANG_WARN_CONSTANT_CONVERSION = YES;
				CLANG_WARN_DEPRECATED_OBJC_IMPLEMENTATIONS = YES;
				CLANG_WARN_DIRECT_OBJC_ISA_USAGE = YES_ERROR;
				CLANG_WARN_DOCUMENTATION_COMMENTS = YES;
				CLANG_WARN_EMPTY_BODY = YES;
				CLANG_WARN_ENUM_CONVERSION = YES;
				CLANG_WARN_INFINITE_RECURSION = YES;
				CLANG_WARN_INT_CONVERSION = YES;
				CLANG_WARN_NON_LITERAL_NULL_CONVERSION = YES;
				CLANG_WARN_OBJC_IMPLICIT_RETAIN_SELF = YES;
				CLANG_WARN_OBJC_LITERAL_CONVERSION = YES;
				CLANG_WARN_OBJC_ROOT_CLASS = YES_ERROR;
				CLANG_WARN_RANGE_LOOP_ANALYSIS = YES;
				CLANG_WARN_STRICT_PROTOTYPES = YES;
				CLANG_WARN_SUSPICIOUS_MOVE = YES;
				CLANG_WARN_UNGUARDED_AVAILABILITY = YES_AGGRESSIVE;
				CLANG_WARN_UNREACHABLE_CODE = YES;
				CLANG_WARN__DUPLICATE_METHOD_MATCH = YES;
				CODE_SIGN_IDENTITY = "iPhone Developer";
				COPY_PHASE_STRIP = NO;
				DEBUG_INFORMATION_FORMAT = dwarf;
				ENABLE_STRICT_OBJC_MSGSEND = YES;
				ENABLE_TESTABILITY = YES;
				GCC_C_LANGUAGE_STANDARD = gnu11;
				GCC_DYNAMIC_NO_PIC = NO;
				GCC_NO_COMMON_BLOCKS = YES;
				GCC_OPTIMIZATION_LEVEL = 0;
				GCC_PREPROCESSOR_DEFINITIONS = (
					"DEBUG=1",
					"$(inherited)",
				);
				GCC_WARN_64_TO_32_BIT_CONVERSION = YES;
				GCC_WARN_ABOUT_RETURN_TYPE = YES_ERROR;
				GCC_WARN_UNDECLARED_SELECTOR = YES;
				GCC_WARN_UNINITIALIZED_AUTOS = YES_AGGRESSIVE;
				GCC_WARN_UNUSED_FUNCTION = YES;
				GCC_WARN_UNUSED_VARIABLE = YES;
				IPHONEOS_DEPLOYMENT_TARGET = 11.3;
				MTL_ENABLE_DEBUG_INFO = YES;
				ONLY_ACTIVE_ARCH = YES;
				SDKROOT = iphoneos;
				SWIFT_ACTIVE_COMPILATION_CONDITIONS = DEBUG;
				SWIFT_OPTIMIZATION_LEVEL = "-Onone";
			};
			name = Debug;
		};
		4BDC436A20C1A148001C9241 /* Release */ = {
			isa = XCBuildConfiguration;
			buildSettings = {
				ALWAYS_SEARCH_USER_PATHS = NO;
				CLANG_ANALYZER_NONNULL = YES;
				CLANG_ANALYZER_NUMBER_OBJECT_CONVERSION = YES_AGGRESSIVE;
				CLANG_CXX_LANGUAGE_STANDARD = "gnu++14";
				CLANG_CXX_LIBRARY = "libc++";
				CLANG_ENABLE_MODULES = YES;
				CLANG_ENABLE_OBJC_ARC = YES;
				CLANG_ENABLE_OBJC_WEAK = YES;
				CLANG_WARN_BLOCK_CAPTURE_AUTORELEASING = YES;
				CLANG_WARN_BOOL_CONVERSION = YES;
				CLANG_WARN_COMMA = YES;
				CLANG_WARN_CONSTANT_CONVERSION = YES;
				CLANG_WARN_DEPRECATED_OBJC_IMPLEMENTATIONS = YES;
				CLANG_WARN_DIRECT_OBJC_ISA_USAGE = YES_ERROR;
				CLANG_WARN_DOCUMENTATION_COMMENTS = YES;
				CLANG_WARN_EMPTY_BODY = YES;
				CLANG_WARN_ENUM_CONVERSION = YES;
				CLANG_WARN_INFINITE_RECURSION = YES;
				CLANG_WARN_INT_CONVERSION = YES;
				CLANG_WARN_NON_LITERAL_NULL_CONVERSION = YES;
				CLANG_WARN_OBJC_IMPLICIT_RETAIN_SELF = YES;
				CLANG_WARN_OBJC_LITERAL_CONVERSION = YES;
				CLANG_WARN_OBJC_ROOT_CLASS = YES_ERROR;
				CLANG_WARN_RANGE_LOOP_ANALYSIS = YES;
				CLANG_WARN_STRICT_PROTOTYPES = YES;
				CLANG_WARN_SUSPICIOUS_MOVE = YES;
				CLANG_WARN_UNGUARDED_AVAILABILITY = YES_AGGRESSIVE;
				CLANG_WARN_UNREACHABLE_CODE = YES;
				CLANG_WARN__DUPLICATE_METHOD_MATCH = YES;
				CODE_SIGN_IDENTITY = "iPhone Developer";
				COPY_PHASE_STRIP = NO;
				DEBUG_INFORMATION_FORMAT = "dwarf-with-dsym";
				ENABLE_NS_ASSERTIONS = NO;
				ENABLE_STRICT_OBJC_MSGSEND = YES;
				GCC_C_LANGUAGE_STANDARD = gnu11;
				GCC_NO_COMMON_BLOCKS = YES;
				GCC_WARN_64_TO_32_BIT_CONVERSION = YES;
				GCC_WARN_ABOUT_RETURN_TYPE = YES_ERROR;
				GCC_WARN_UNDECLARED_SELECTOR = YES;
				GCC_WARN_UNINITIALIZED_AUTOS = YES_AGGRESSIVE;
				GCC_WARN_UNUSED_FUNCTION = YES;
				GCC_WARN_UNUSED_VARIABLE = YES;
				IPHONEOS_DEPLOYMENT_TARGET = 11.3;
				MTL_ENABLE_DEBUG_INFO = NO;
				SDKROOT = iphoneos;
				SWIFT_COMPILATION_MODE = wholemodule;
				SWIFT_OPTIMIZATION_LEVEL = "-O";
				VALIDATE_PRODUCT = YES;
			};
			name = Release;
		};
		4BDC436C20C1A148001C9241 /* Debug */ = {
			isa = XCBuildConfiguration;
			buildSettings = {
				ASSETCATALOG_COMPILER_APPICON_NAME = AppIcon;
				CODE_SIGN_STYLE = Manual;
				DEVELOPMENT_TEAM = "";
				INFOPLIST_FILE = "$(SRCROOT)/MyMobiles/External/Info.plist";
				LD_RUNPATH_SEARCH_PATHS = (
					"$(inherited)",
					"@executable_path/Frameworks",
				);
				PRODUCT_BUNDLE_IDENTIFIER = com.Kashif.MyMobiles;
				PRODUCT_NAME = "$(TARGET_NAME)";
				PROVISIONING_PROFILE_SPECIFIER = "";
				SWIFT_VERSION = 4.0;
				TARGETED_DEVICE_FAMILY = "1,2";
			};
			name = Debug;
		};
		4BDC436D20C1A148001C9241 /* Release */ = {
			isa = XCBuildConfiguration;
			buildSettings = {
				ASSETCATALOG_COMPILER_APPICON_NAME = AppIcon;
				CODE_SIGN_STYLE = Manual;
				DEVELOPMENT_TEAM = "";
				INFOPLIST_FILE = "$(SRCROOT)/MyMobiles/External/Info.plist";
				LD_RUNPATH_SEARCH_PATHS = (
					"$(inherited)",
					"@executable_path/Frameworks",
				);
				PRODUCT_BUNDLE_IDENTIFIER = com.Kashif.MyMobiles;
				PRODUCT_NAME = "$(TARGET_NAME)";
				PROVISIONING_PROFILE_SPECIFIER = "";
				SWIFT_VERSION = 4.0;
				TARGETED_DEVICE_FAMILY = "1,2";
			};
			name = Release;
		};
		4BDC436F20C1A148001C9241 /* Debug */ = {
			isa = XCBuildConfiguration;
			buildSettings = {
				ALWAYS_EMBED_SWIFT_STANDARD_LIBRARIES = YES;
				BUNDLE_LOADER = "$(TEST_HOST)";
				CODE_SIGN_STYLE = Automatic;
				INFOPLIST_FILE = MyMobilesTests/Info.plist;
				LD_RUNPATH_SEARCH_PATHS = (
					"$(inherited)",
					"@executable_path/Frameworks",
					"@loader_path/Frameworks",
				);
				PRODUCT_BUNDLE_IDENTIFIER = com.Kashif.MyMobilesTests;
				PRODUCT_NAME = "$(TARGET_NAME)";
				SWIFT_VERSION = 4.0;
				TARGETED_DEVICE_FAMILY = "1,2";
				TEST_HOST = "$(BUILT_PRODUCTS_DIR)/MyMobiles.app/MyMobiles";
			};
			name = Debug;
		};
		4BDC437020C1A148001C9241 /* Release */ = {
			isa = XCBuildConfiguration;
			buildSettings = {
				ALWAYS_EMBED_SWIFT_STANDARD_LIBRARIES = YES;
				BUNDLE_LOADER = "$(TEST_HOST)";
				CODE_SIGN_STYLE = Automatic;
				INFOPLIST_FILE = MyMobilesTests/Info.plist;
				LD_RUNPATH_SEARCH_PATHS = (
					"$(inherited)",
					"@executable_path/Frameworks",
					"@loader_path/Frameworks",
				);
				PRODUCT_BUNDLE_IDENTIFIER = com.Kashif.MyMobilesTests;
				PRODUCT_NAME = "$(TARGET_NAME)";
				SWIFT_VERSION = 4.0;
				TARGETED_DEVICE_FAMILY = "1,2";
				TEST_HOST = "$(BUILT_PRODUCTS_DIR)/MyMobiles.app/MyMobiles";
			};
			name = Release;
		};
		4BDC437220C1A148001C9241 /* Debug */ = {
			isa = XCBuildConfiguration;
			buildSettings = {
				ALWAYS_EMBED_SWIFT_STANDARD_LIBRARIES = YES;
				CODE_SIGN_STYLE = Automatic;
				INFOPLIST_FILE = MyMobilesUITests/Info.plist;
				LD_RUNPATH_SEARCH_PATHS = (
					"$(inherited)",
					"@executable_path/Frameworks",
					"@loader_path/Frameworks",
				);
				PRODUCT_BUNDLE_IDENTIFIER = com.Kashif.MyMobilesUITests;
				PRODUCT_NAME = "$(TARGET_NAME)";
				SWIFT_VERSION = 4.0;
				TARGETED_DEVICE_FAMILY = "1,2";
				TEST_TARGET_NAME = MyMobiles;
			};
			name = Debug;
		};
		4BDC437320C1A148001C9241 /* Release */ = {
			isa = XCBuildConfiguration;
			buildSettings = {
				ALWAYS_EMBED_SWIFT_STANDARD_LIBRARIES = YES;
				CODE_SIGN_STYLE = Automatic;
				INFOPLIST_FILE = MyMobilesUITests/Info.plist;
				LD_RUNPATH_SEARCH_PATHS = (
					"$(inherited)",
					"@executable_path/Frameworks",
					"@loader_path/Frameworks",
				);
				PRODUCT_BUNDLE_IDENTIFIER = com.Kashif.MyMobilesUITests;
				PRODUCT_NAME = "$(TARGET_NAME)";
				SWIFT_VERSION = 4.0;
				TARGETED_DEVICE_FAMILY = "1,2";
				TEST_TARGET_NAME = MyMobiles;
			};
			name = Release;
		};
/* End XCBuildConfiguration section */

/* Begin XCConfigurationList section */
		4BDC433E20C1A147001C9241 /* Build configuration list for PBXProject "MyMobiles" */ = {
			isa = XCConfigurationList;
			buildConfigurations = (
				4BDC436920C1A148001C9241 /* Debug */,
				4BDC436A20C1A148001C9241 /* Release */,
			);
			defaultConfigurationIsVisible = 0;
			defaultConfigurationName = Release;
		};
		4BDC436B20C1A148001C9241 /* Build configuration list for PBXNativeTarget "MyMobiles" */ = {
			isa = XCConfigurationList;
			buildConfigurations = (
				4BDC436C20C1A148001C9241 /* Debug */,
				4BDC436D20C1A148001C9241 /* Release */,
			);
			defaultConfigurationIsVisible = 0;
			defaultConfigurationName = Release;
		};
		4BDC436E20C1A148001C9241 /* Build configuration list for PBXNativeTarget "MyMobilesTests" */ = {
			isa = XCConfigurationList;
			buildConfigurations = (
				4BDC436F20C1A148001C9241 /* Debug */,
				4BDC437020C1A148001C9241 /* Release */,
			);
			defaultConfigurationIsVisible = 0;
			defaultConfigurationName = Release;
		};
		4BDC437120C1A148001C9241 /* Build configuration list for PBXNativeTarget "MyMobilesUITests" */ = {
			isa = XCConfigurationList;
			buildConfigurations = (
				4BDC437220C1A148001C9241 /* Debug */,
				4BDC437320C1A148001C9241 /* Release */,
			);
			defaultConfigurationIsVisible = 0;
			defaultConfigurationName = Release;
		};
/* End XCConfigurationList section */
	};
	rootObject = 4BDC433B20C1A147001C9241 /* Project object */;
}
